
Microsoft Visual Studio Solution File, Format Version 11.00
# Visual Studio 2010
Project("{8BC9CEB8-8B4A-11D0-8D11-00A0C91BC942}") = "C test", "C test\C test.vcxproj", "{734759B3-4D5F-4858-A76F-E494CD4091E0}"
EndProject
Global
	GlobalSection(SolutionConfigurationPlatforms) = preSolution
		Debug|Win32 = Debug|Win32
		Release|Win32 = Release|Win32
	EndGlobalSection
	GlobalSection(ProjectConfigurationPlatforms) = postSolution
		{734759B3-4D5F-4858-A76F-E494CD4091E0}.Debug|Win32.ActiveCfg = Debug|Win32
		{734759B3-4D5F-4858-A76F-E494CD4091E0}.Debug|Win32.Build.0 = Debug|Win32
		{734759B3-4D5F-4858-A76F-E494CD4091E0}.Release|Win32.ActiveCfg = Release|Win32
		{734759B3-4D5F-4858-A76F-E494CD4091E0}.Release|Win32.Build.0 = Release|Win32
	EndGlobalSection
	GlobalSection(SolutionProperties) = preSolution
		HideSolutionNode = FALSE
	EndGlobalSection
EndGlobal
