
Microsoft Visual Studio Solution File, Format Version 11.00
# Visual Studio 2010
Project("{8BC9CEB8-8B4A-11D0-8D11-00A0C91BC942}") = "shoes1", "shoes1\shoes1.vcxproj", "{A35A18BD-D09C-40D8-8C2F-0B3542051938}"
EndProject
Global
	GlobalSection(SolutionConfigurationPlatforms) = preSolution
		Debug|Win32 = Debug|Win32
		Release|Win32 = Release|Win32
	EndGlobalSection
	GlobalSection(ProjectConfigurationPlatforms) = postSolution
		{A35A18BD-D09C-40D8-8C2F-0B3542051938}.Debug|Win32.ActiveCfg = Debug|Win32
		{A35A18BD-D09C-40D8-8C2F-0B3542051938}.Debug|Win32.Build.0 = Debug|Win32
		{A35A18BD-D09C-40D8-8C2F-0B3542051938}.Release|Win32.ActiveCfg = Release|Win32
		{A35A18BD-D09C-40D8-8C2F-0B3542051938}.Release|Win32.Build.0 = Release|Win32
	EndGlobalSection
	GlobalSection(SolutionProperties) = preSolution
		HideSolutionNode = FALSE
	EndGlobalSection
EndGlobal
