
Microsoft Visual Studio Solution File, Format Version 11.00
# Visual Studio 2010
Project("{8BC9CEB8-8B4A-11D0-8D11-00A0C91BC942}") = "add_one", "add_one\add_one.vcxproj", "{E18014E1-3EA6-4F04-9490-999930FBBEE3}"
EndProject
Global
	GlobalSection(SolutionConfigurationPlatforms) = preSolution
		Debug|Win32 = Debug|Win32
		Release|Win32 = Release|Win32
	EndGlobalSection
	GlobalSection(ProjectConfigurationPlatforms) = postSolution
		{E18014E1-3EA6-4F04-9490-999930FBBEE3}.Debug|Win32.ActiveCfg = Debug|Win32
		{E18014E1-3EA6-4F04-9490-999930FBBEE3}.Debug|Win32.Build.0 = Debug|Win32
		{E18014E1-3EA6-4F04-9490-999930FBBEE3}.Release|Win32.ActiveCfg = Release|Win32
		{E18014E1-3EA6-4F04-9490-999930FBBEE3}.Release|Win32.Build.0 = Release|Win32
	EndGlobalSection
	GlobalSection(SolutionProperties) = preSolution
		HideSolutionNode = FALSE
	EndGlobalSection
EndGlobal
